
Microsoft Visual Studio Solution File, Format Version 12.00
# Visual Studio Version 17
VisualStudioVersion = 17.5.33502.453
MinimumVisualStudioVersion = 10.0.40219.1
Project("{FAE04EC0-301F-11D3-BF4B-00C04F79EFBC}") = "CRUD", "CRUD.csproj", "{51DF4585-1B78-46BA-9389-90C83309611B}"
EndProject
Global
	GlobalSection(SolutionConfigurationPlatforms) = preSolution
		Debug|Any CPU = Debug|Any CPU
		Release|Any CPU = Release|Any CPU
	EndGlobalSection
	GlobalSection(ProjectConfigurationPlatforms) = postSolution
		{51DF4585-1B78-46BA-9389-90C83309611B}.Debug|Any CPU.ActiveCfg = Debug|Any CPU
		{51DF4585-1B78-46BA-9389-90C83309611B}.Debug|Any CPU.Build.0 = Debug|Any CPU
		{51DF4585-1B78-46BA-9389-90C83309611B}.Release|Any CPU.ActiveCfg = Release|Any CPU
		{51DF4585-1B78-46BA-9389-90C83309611B}.Release|Any CPU.Build.0 = Release|Any CPU
	EndGlobalSection
	GlobalSection(SolutionProperties) = preSolution
		HideSolutionNode = FALSE
	EndGlobalSection
	GlobalSection(ExtensibilityGlobals) = postSolution
		SolutionGuid = {99337A52-EEE7-4562-A329-1B2E0B816003}
	EndGlobalSection
EndGlobal
