
Microsoft Visual Studio Solution File, Format Version 12.00
# Visual Studio Version 17
VisualStudioVersion = 17.5.33502.453
MinimumVisualStudioVersion = 10.0.40219.1
Project("{FAE04EC0-301F-11D3-BF4B-00C04F79EFBC}") = "Ejercicio1", "Ejercicio1\Ejercicio1.csproj", "{1AD8166A-DAE6-48FB-BF95-49246C4F2AEE}"
EndProject
Global
	GlobalSection(SolutionConfigurationPlatforms) = preSolution
		Debug|Any CPU = Debug|Any CPU
		Release|Any CPU = Release|Any CPU
	EndGlobalSection
	GlobalSection(ProjectConfigurationPlatforms) = postSolution
		{1AD8166A-DAE6-48FB-BF95-49246C4F2AEE}.Debug|Any CPU.ActiveCfg = Debug|Any CPU
		{1AD8166A-DAE6-48FB-BF95-49246C4F2AEE}.Debug|Any CPU.Build.0 = Debug|Any CPU
		{1AD8166A-DAE6-48FB-BF95-49246C4F2AEE}.Release|Any CPU.ActiveCfg = Release|Any CPU
		{1AD8166A-DAE6-48FB-BF95-49246C4F2AEE}.Release|Any CPU.Build.0 = Release|Any CPU
	EndGlobalSection
	GlobalSection(SolutionProperties) = preSolution
		HideSolutionNode = FALSE
	EndGlobalSection
	GlobalSection(ExtensibilityGlobals) = postSolution
		SolutionGuid = {C303391B-3D4F-48BB-B5AB-2A8103D5D7D9}
	EndGlobalSection
EndGlobal
