
Microsoft Visual Studio Solution File, Format Version 12.00
# Visual Studio Version 17
VisualStudioVersion = 17.5.33502.453
MinimumVisualStudioVersion = 10.0.40219.1
Project("{FAE04EC0-301F-11D3-BF4B-00C04F79EFBC}") = "Ejercicio3", "Ejercicio3\Ejercicio3.csproj", "{9F64A5E4-8F94-44BA-9032-5D9806861EEE}"
EndProject
Global
	GlobalSection(SolutionConfigurationPlatforms) = preSolution
		Debug|Any CPU = Debug|Any CPU
		Release|Any CPU = Release|Any CPU
	EndGlobalSection
	GlobalSection(ProjectConfigurationPlatforms) = postSolution
		{9F64A5E4-8F94-44BA-9032-5D9806861EEE}.Debug|Any CPU.ActiveCfg = Debug|Any CPU
		{9F64A5E4-8F94-44BA-9032-5D9806861EEE}.Debug|Any CPU.Build.0 = Debug|Any CPU
		{9F64A5E4-8F94-44BA-9032-5D9806861EEE}.Release|Any CPU.ActiveCfg = Release|Any CPU
		{9F64A5E4-8F94-44BA-9032-5D9806861EEE}.Release|Any CPU.Build.0 = Release|Any CPU
	EndGlobalSection
	GlobalSection(SolutionProperties) = preSolution
		HideSolutionNode = FALSE
	EndGlobalSection
	GlobalSection(ExtensibilityGlobals) = postSolution
		SolutionGuid = {36AAE44A-BADB-4A88-AD16-CAD5F7E2A381}
	EndGlobalSection
EndGlobal
